
Microsoft Visual Studio Solution File, Format Version 12.00
# Visual Studio 2013
VisualStudioVersion = 12.0.21005.1
MinimumVisualStudioVersion = 10.0.40219.1
Project("{FAE04EC0-301F-11D3-BF4B-00C04F79EFBC}") = "ProcessConfigurationManager.UPMM", "ProcessConfigurationManager.UPMM\ProcessConfigurationManager.UPMM.csproj", "{369E9818-403C-4E66-8E89-971BE936777F}"
EndProject
Project("{FAE04EC0-301F-11D3-BF4B-00C04F79EFBC}") = "ProcessConfigurationManager.OWLParser", "ProcessConfigurationManager.OWLParser\ProcessConfigurationManager.OWLParser.csproj", "{61A834F2-C6BD-4A09-B2D4-60E39B749E75}"
EndProject
Project("{FAE04EC0-301F-11D3-BF4B-00C04F79EFBC}") = "ProcessConfigurationManager.WPF", "ProcessConfigurationManager.WPF\ProcessConfigurationManager.WPF.csproj", "{D1CB1B5D-5B48-4C17-AE0B-106FBA253372}"
EndProject
Global
	GlobalSection(TeamFoundationVersionControl) = preSolution
		SccNumberOfProjects = 4
		SccEnterpriseProvider = {4CA58AB2-18FA-4F8D-95D4-32DDF27D184C}
		SccTeamFoundationServer = https://ondrejtrlifaj.visualstudio.com/defaultcollection
		SccLocalPath0 = .
		SccProjectUniqueName1 = ProcessConfigurationManager.OWLParser\\ProcessConfigurationManager.OWLParser.csproj
		SccProjectName1 = ProcessConfigurationManager.OWLParser
		SccLocalPath1 = ProcessConfigurationManager.OWLParser
		SccProjectUniqueName2 = ProcessConfigurationManager.WPF\\ProcessConfigurationManager.WPF.csproj
		SccProjectName2 = ProcessConfigurationManager.WPF
		SccLocalPath2 = ProcessConfigurationManager.WPF
		SccProjectUniqueName3 = ProcessConfigurationManager.UPMM\\ProcessConfigurationManager.UPMM.csproj
		SccProjectName3 = ProcessConfigurationManager.UPMM
		SccLocalPath3 = ProcessConfigurationManager.UPMM
	EndGlobalSection
	GlobalSection(SolutionConfigurationPlatforms) = preSolution
		Debug|Any CPU = Debug|Any CPU
		Release|Any CPU = Release|Any CPU
	EndGlobalSection
	GlobalSection(ProjectConfigurationPlatforms) = postSolution
		{369E9818-403C-4E66-8E89-971BE936777F}.Debug|Any CPU.ActiveCfg = Debug|Any CPU
		{369E9818-403C-4E66-8E89-971BE936777F}.Debug|Any CPU.Build.0 = Debug|Any CPU
		{369E9818-403C-4E66-8E89-971BE936777F}.Release|Any CPU.ActiveCfg = Release|Any CPU
		{369E9818-403C-4E66-8E89-971BE936777F}.Release|Any CPU.Build.0 = Release|Any CPU
		{61A834F2-C6BD-4A09-B2D4-60E39B749E75}.Debug|Any CPU.ActiveCfg = Debug|Any CPU
		{61A834F2-C6BD-4A09-B2D4-60E39B749E75}.Debug|Any CPU.Build.0 = Debug|Any CPU
		{61A834F2-C6BD-4A09-B2D4-60E39B749E75}.Release|Any CPU.ActiveCfg = Release|Any CPU
		{61A834F2-C6BD-4A09-B2D4-60E39B749E75}.Release|Any CPU.Build.0 = Release|Any CPU
		{D1CB1B5D-5B48-4C17-AE0B-106FBA253372}.Debug|Any CPU.ActiveCfg = Debug|Any CPU
		{D1CB1B5D-5B48-4C17-AE0B-106FBA253372}.Debug|Any CPU.Build.0 = Debug|Any CPU
		{D1CB1B5D-5B48-4C17-AE0B-106FBA253372}.Release|Any CPU.ActiveCfg = Release|Any CPU
		{D1CB1B5D-5B48-4C17-AE0B-106FBA253372}.Release|Any CPU.Build.0 = Release|Any CPU
	EndGlobalSection
	GlobalSection(SolutionProperties) = preSolution
		HideSolutionNode = FALSE
	EndGlobalSection
EndGlobal
